# @generated - this file is auto-generated by `mise lock` https://mise.en.dev/dev-tools/mise-lock.html

[[tools.actionlint]]
version = "1.7.12"
backend = "aqua:rhysd/actionlint"

[tools.actionlint."platforms.linux-arm64"]
checksum = "sha256:325e971b6ba9bfa504672e29be93c24981eeb1c07576d730e9f7c8805afff0c6"
url = "https://github.com/rhysd/actionlint/releases/download/v1.7.12/actionlint_1.7.12_linux_arm64.tar.gz"
provenance = "github-attestations"

[tools.actionlint."platforms.linux-arm64-musl"]
checksum = "sha256:325e971b6ba9bfa504672e29be93c24981eeb1c07576d730e9f7c8805afff0c6"
url = "https://github.com/rhysd/actionlint/releases/download/v1.7.12/actionlint_1.7.12_linux_arm64.tar.gz"
provenance = "github-attestations"

[tools.actionlint."platforms.linux-x64"]
checksum = "sha256:8aca8db96f1b94770f1b0d72b6dddcb1ebb8123cb3712530b08cc387b349a3d8"
url = "https://github.com/rhysd/actionlint/releases/download/v1.7.12/actionlint_1.7.12_linux_amd64.tar.gz"
provenance = "github-attestations"

[tools.actionlint."platforms.linux-x64-musl"]
checksum = "sha256:8aca8db96f1b94770f1b0d72b6dddcb1ebb8123cb3712530b08cc387b349a3d8"
url = "https://github.com/rhysd/actionlint/releases/download/v1.7.12/actionlint_1.7.12_linux_amd64.tar.gz"
provenance = "github-attestations"

[tools.actionlint."platforms.macos-arm64"]
checksum = "sha256:aba9ced2dee8d27fecca3dc7feb1a7f9a52caefa1eb46f3271ea66b6e0e6953f"
url = "https://github.com/rhysd/actionlint/releases/download/v1.7.12/actionlint_1.7.12_darwin_arm64.tar.gz"
provenance = "github-attestations"

[tools.actionlint."platforms.macos-x64"]
checksum = "sha256:5b44c3bc2255115c9b69e30efc0fecdf498fdb63c5d58e17084fd5f16324c644"
url = "https://github.com/rhysd/actionlint/releases/download/v1.7.12/actionlint_1.7.12_darwin_amd64.tar.gz"
provenance = "github-attestations"

[tools.actionlint."platforms.windows-x64"]
checksum = "sha256:6e7241b51e6817ea6a047693d8e6fed13b31819c9a0dd6c5a726e1592d22f6e9"
url = "https://github.com/rhysd/actionlint/releases/download/v1.7.12/actionlint_1.7.12_windows_amd64.zip"
provenance = "github-attestations"

[[tools."github:WebAssembly/binaryen"]]
version = "ersion_129"
backend = "github:WebAssembly/binaryen"

[tools."github:WebAssembly/binaryen"."platforms.linux-arm64"]
checksum = "sha256:81d46b86b10876ab615eec67e09fcc5615115a7b189cfe3d466725ee36c46ac2"
url = "https://github.com/WebAssembly/binaryen/releases/download/version_129/binaryen-version_129-aarch64-linux.tar.gz"
url_api = "https://api.github.com/repos/WebAssembly/binaryen/releases/assets/386341715"

[tools."github:WebAssembly/binaryen"."platforms.linux-arm64-musl"]
checksum = "sha256:81d46b86b10876ab615eec67e09fcc5615115a7b189cfe3d466725ee36c46ac2"
url = "https://github.com/WebAssembly/binaryen/releases/download/version_129/binaryen-version_129-aarch64-linux.tar.gz"
url_api = "https://api.github.com/repos/WebAssembly/binaryen/releases/assets/386341715"

[tools."github:WebAssembly/binaryen"."platforms.linux-x64"]
checksum = "sha256:50b9fa62b9abea752da92ec57e0c555fee578760cd237c40107957715d2976ba"
url = "https://github.com/WebAssembly/binaryen/releases/download/version_129/binaryen-version_129-x86_64-linux.tar.gz"
url_api = "https://api.github.com/repos/WebAssembly/binaryen/releases/assets/386339206"

[tools."github:WebAssembly/binaryen"."platforms.linux-x64-musl"]
checksum = "sha256:50b9fa62b9abea752da92ec57e0c555fee578760cd237c40107957715d2976ba"
url = "https://github.com/WebAssembly/binaryen/releases/download/version_129/binaryen-version_129-x86_64-linux.tar.gz"
url_api = "https://api.github.com/repos/WebAssembly/binaryen/releases/assets/386339206"

[tools."github:WebAssembly/binaryen"."platforms.macos-arm64"]
checksum = "sha256:d1bb014775ca3002506712b81b4406d126ff6845e8b2f343bc2696a1a88b7117"
url = "https://github.com/WebAssembly/binaryen/releases/download/version_129/binaryen-version_129-arm64-macos.tar.gz"
url_api = "https://api.github.com/repos/WebAssembly/binaryen/releases/assets/386337538"

[tools."github:WebAssembly/binaryen"."platforms.macos-x64"]
checksum = "sha256:cc38897d3d93c968f24819fae210e04afd0146d0e2467e307207ea7e798a59b9"
url = "https://github.com/WebAssembly/binaryen/releases/download/version_129/binaryen-version_129-x86_64-macos.tar.gz"
url_api = "https://api.github.com/repos/WebAssembly/binaryen/releases/assets/386337535"

[tools."github:WebAssembly/binaryen"."platforms.windows-x64"]
checksum = "sha256:1405d2f51377859ccf5fcd2c59c0a8c5756373e691ca0eeb5219f646b743e3aa"
url = "https://github.com/WebAssembly/binaryen/releases/download/version_129/binaryen-version_129-x86_64-windows.tar.gz"
url_api = "https://api.github.com/repos/WebAssembly/binaryen/releases/assets/386340704"

[[tools.hadolint]]
version = "2.14.0"
backend = "aqua:hadolint/hadolint"

[tools.hadolint."platforms.linux-arm64"]
checksum = "sha256:331f1d3511b84a4f1e3d18d52fec284723e4019552f4f47b19322a53ce9a40ed"
url = "https://github.com/hadolint/hadolint/releases/download/v2.14.0/hadolint-linux-arm64"

[tools.hadolint."platforms.linux-arm64-musl"]
checksum = "sha256:331f1d3511b84a4f1e3d18d52fec284723e4019552f4f47b19322a53ce9a40ed"
url = "https://github.com/hadolint/hadolint/releases/download/v2.14.0/hadolint-linux-arm64"

[tools.hadolint."platforms.linux-x64"]
checksum = "sha256:6bf226944684f56c84dd014e8b979d27425c0148f61b3bd99bcc6f39e9dc5a47"
url = "https://github.com/hadolint/hadolint/releases/download/v2.14.0/hadolint-linux-x86_64"

[tools.hadolint."platforms.linux-x64-musl"]
checksum = "sha256:6bf226944684f56c84dd014e8b979d27425c0148f61b3bd99bcc6f39e9dc5a47"
url = "https://github.com/hadolint/hadolint/releases/download/v2.14.0/hadolint-linux-x86_64"

[tools.hadolint."platforms.macos-arm64"]
checksum = "sha256:3625e2e9f43dcfe7bd38738a5f5520ed50ce39ed28485266e6803dd7bc197b10"
url = "https://github.com/hadolint/hadolint/releases/download/v2.14.0/hadolint-macos-arm64"

[tools.hadolint."platforms.macos-x64"]
checksum = "sha256:2b69a853433f1eca522ffb921cd490bd1321424d03331fd8390f93b7fb4a02e9"
url = "https://github.com/hadolint/hadolint/releases/download/v2.14.0/hadolint-macos-x86_64"

[tools.hadolint."platforms.windows-x64"]
checksum = "sha256:8e0ee174f88edb14f207a68430c7a53c2883ed509cdbde9a3a26fffa140fa5e4"
url = "https://github.com/hadolint/hadolint/releases/download/v2.14.0/hadolint-windows-x86_64.exe"

[[tools.hk]]
version = "1.45.0"
backend = "aqua:jdx/hk"

[tools.hk."platforms.linux-arm64"]
checksum = "sha256:22293f9c742f0def32299689022891ced7c5c9d5024c91afd33a83e6f714686c"
url = "https://github.com/jdx/hk/releases/download/v1.45.0/hk-aarch64-unknown-linux-gnu.tar.gz"

[tools.hk."platforms.linux-arm64-musl"]
checksum = "sha256:81b64f76df8a399f926a4158bfcbef0fa28dcd60b40799b9474ca2ab21d89c02"
url = "https://github.com/jdx/hk/releases/download/v1.45.0/hk-aarch64-unknown-linux-musl.tar.gz"

[tools.hk."platforms.linux-x64"]
checksum = "sha256:47a3338403f689cc295d36213cfede4e1098c335d18064416ea9ac2b9739c148"
url = "https://github.com/jdx/hk/releases/download/v1.45.0/hk-x86_64-unknown-linux-gnu.tar.gz"

[tools.hk."platforms.linux-x64-musl"]
checksum = "sha256:afdb201d251f35615f00f3880daa5a4e97d7948304473c259245a7123c0fedcf"
url = "https://github.com/jdx/hk/releases/download/v1.45.0/hk-x86_64-unknown-linux-musl.tar.gz"

[tools.hk."platforms.macos-arm64"]
checksum = "sha256:17bd1d9eccbfc894c4b0191871a964dc67df80c1bfbee072e5c12d4bb893a8a6"
url = "https://github.com/jdx/hk/releases/download/v1.45.0/hk-aarch64-apple-darwin.tar.gz"

[tools.hk."platforms.windows-x64"]
checksum = "sha256:94c7c460d05748524a96583b656e8dec31a11a30ce6a997b9a5b5d8ec4d1b7e7"
url = "https://github.com/jdx/hk/releases/download/v1.45.0/hk-x86_64-pc-windows-msvc.zip"

[[tools.node]]
version = "26.1.0"
backend = "core:node"

[tools.node."platforms.linux-arm64"]
checksum = "sha256:fcb4c339eef70c909cae72091008a6497278e2d0fcd221c0653068cf4ea4f0c7"
url = "https://nodejs.org/dist/v26.1.0/node-v26.1.0-linux-arm64.tar.gz"

[tools.node."platforms.linux-arm64-musl"]
checksum = "sha256:7ced1d983bbb9245c97dbc7de329663da49bd88aca6f7baaed9baf2f6fac7d33"
url = "https://unofficial-builds.nodejs.org/download/release/v26.1.0/node-v26.1.0-linux-arm64-musl.tar.gz"

[tools.node."platforms.linux-x64"]
checksum = "sha256:62d555c329e05e3625109f2e3a8b5195b368d5ef38266292469d32f63cd98ffd"
url = "https://nodejs.org/dist/v26.1.0/node-v26.1.0-linux-x64.tar.gz"

[tools.node."platforms.linux-x64-musl"]
checksum = "sha256:e302e820cea1007dfe68f5faaa23c8ed5a7099ad48cf068d6debf3d4958faaef"
url = "https://unofficial-builds.nodejs.org/download/release/v26.1.0/node-v26.1.0-linux-x64-musl.tar.gz"

[tools.node."platforms.macos-arm64"]
checksum = "sha256:91063f665c2f5d6e69e4f8fcb66d3d476bc2785ace82267274bf4da789985ceb"
url = "https://nodejs.org/dist/v26.1.0/node-v26.1.0-darwin-arm64.tar.gz"

[tools.node."platforms.macos-x64"]
checksum = "sha256:33519b28a352de668ab0a2a64366db032a45cb629d5353f86e4576e2780f4fcf"
url = "https://nodejs.org/dist/v26.1.0/node-v26.1.0-darwin-x64.tar.gz"

[tools.node."platforms.windows-x64"]
checksum = "sha256:089a02c4c687451c9f0b7f1bfd252dae85a7ba27df0295a14096bdcc956fdc92"
url = "https://nodejs.org/dist/v26.1.0/node-v26.1.0-win-x64.zip"

[[tools.pkl]]
version = "0.31.1"
backend = "aqua:apple/pkl"

[tools.pkl."platforms.linux-arm64"]
checksum = "sha256:7ef10e743daa921fb94ae7bdb9ec6986f362bf250c55814b9ea2aeb13f2d083e"
url = "https://github.com/apple/pkl/releases/download/0.31.1/pkl-linux-aarch64"

[tools.pkl."platforms.linux-arm64-musl"]
checksum = "sha256:7ef10e743daa921fb94ae7bdb9ec6986f362bf250c55814b9ea2aeb13f2d083e"
url = "https://github.com/apple/pkl/releases/download/0.31.1/pkl-linux-aarch64"

[tools.pkl."platforms.linux-x64"]
checksum = "sha256:618f13955d755cafbfe8c9cba1d27635848cd49dbc6abffd398d2751db1231bf"
url = "https://github.com/apple/pkl/releases/download/0.31.1/pkl-linux-amd64"

[tools.pkl."platforms.linux-x64-musl"]
checksum = "sha256:618f13955d755cafbfe8c9cba1d27635848cd49dbc6abffd398d2751db1231bf"
url = "https://github.com/apple/pkl/releases/download/0.31.1/pkl-linux-amd64"

[tools.pkl."platforms.macos-arm64"]
checksum = "sha256:1b6a5438d9624cd2798a7530721bbbfa27ef72efe5c878a1b6c546c6e7ca0e8f"
url = "https://github.com/apple/pkl/releases/download/0.31.1/pkl-macos-aarch64"

[tools.pkl."platforms.macos-x64"]
checksum = "sha256:22123ed4ae4c03afa8c54c69f77f0bec39b0fa0f67b09d6d148e0a376a2a471d"
url = "https://github.com/apple/pkl/releases/download/0.31.1/pkl-macos-amd64"

[tools.pkl."platforms.windows-x64"]
checksum = "sha256:a8834481667325b44c539dbb758d7365a16389070f343c04b639bbe525ede013"
url = "https://github.com/apple/pkl/releases/download/0.31.1/pkl-windows-amd64.exe"

[[tools.rust]]
version = "1.95.0"
backend = "core:rust"

[[tools.shellcheck]]
version = "0.11.0"
backend = "aqua:koalaman/shellcheck"

[tools.shellcheck."platforms.linux-arm64"]
checksum = "sha256:12b331c1d2db6b9eb13cfca64306b1b157a86eb69db83023e261eaa7e7c14588"
url = "https://github.com/koalaman/shellcheck/releases/download/v0.11.0/shellcheck-v0.11.0.linux.aarch64.tar.xz"

[tools.shellcheck."platforms.linux-arm64-musl"]
checksum = "sha256:12b331c1d2db6b9eb13cfca64306b1b157a86eb69db83023e261eaa7e7c14588"
url = "https://github.com/koalaman/shellcheck/releases/download/v0.11.0/shellcheck-v0.11.0.linux.aarch64.tar.xz"

[tools.shellcheck."platforms.linux-x64"]
checksum = "sha256:8c3be12b05d5c177a04c29e3c78ce89ac86f1595681cab149b65b97c4e227198"
url = "https://github.com/koalaman/shellcheck/releases/download/v0.11.0/shellcheck-v0.11.0.linux.x86_64.tar.xz"

[tools.shellcheck."platforms.linux-x64-musl"]
checksum = "sha256:8c3be12b05d5c177a04c29e3c78ce89ac86f1595681cab149b65b97c4e227198"
url = "https://github.com/koalaman/shellcheck/releases/download/v0.11.0/shellcheck-v0.11.0.linux.x86_64.tar.xz"

[tools.shellcheck."platforms.macos-arm64"]
checksum = "sha256:56affdd8de5527894dca6dc3d7e0a99a873b0f004d7aabc30ae407d3f48b0a79"
url = "https://github.com/koalaman/shellcheck/releases/download/v0.11.0/shellcheck-v0.11.0.darwin.aarch64.tar.xz"

[tools.shellcheck."platforms.macos-x64"]
checksum = "sha256:3c89db4edcab7cf1c27bff178882e0f6f27f7afdf54e859fa041fca10febe4c6"
url = "https://github.com/koalaman/shellcheck/releases/download/v0.11.0/shellcheck-v0.11.0.darwin.x86_64.tar.xz"

[tools.shellcheck."platforms.windows-x64"]
checksum = "sha256:8a4e35ab0b331c85d73567b12f2a444df187f483e5079ceffa6bda1faa2e740e"
url = "https://github.com/koalaman/shellcheck/releases/download/v0.11.0/shellcheck-v0.11.0.zip"

[[tools.typos]]
version = "1.46.1"
backend = "aqua:crate-ci/typos"

[tools.typos."platforms.linux-arm64"]
checksum = "sha256:70a8e5a2c6272e25438ed8a9f10c40c9becf79f2800183fd34603a0840162eac"
url = "https://github.com/crate-ci/typos/releases/download/v1.46.1/typos-v1.46.1-aarch64-unknown-linux-musl.tar.gz"

[tools.typos."platforms.linux-arm64-musl"]
checksum = "sha256:70a8e5a2c6272e25438ed8a9f10c40c9becf79f2800183fd34603a0840162eac"
url = "https://github.com/crate-ci/typos/releases/download/v1.46.1/typos-v1.46.1-aarch64-unknown-linux-musl.tar.gz"

[tools.typos."platforms.linux-x64"]
checksum = "sha256:c574fa505596922ba2e7b1027a0a5b2df528f399b86b6915d85748186a65ca44"
url = "https://github.com/crate-ci/typos/releases/download/v1.46.1/typos-v1.46.1-x86_64-unknown-linux-musl.tar.gz"

[tools.typos."platforms.linux-x64-musl"]
checksum = "sha256:c574fa505596922ba2e7b1027a0a5b2df528f399b86b6915d85748186a65ca44"
url = "https://github.com/crate-ci/typos/releases/download/v1.46.1/typos-v1.46.1-x86_64-unknown-linux-musl.tar.gz"

[tools.typos."platforms.macos-arm64"]
checksum = "sha256:bb5e07df5c938f41b95903ca8943d9230eb5a4cfbc8a2ff1f3a029d5370926a8"
url = "https://github.com/crate-ci/typos/releases/download/v1.46.1/typos-v1.46.1-aarch64-apple-darwin.tar.gz"

[tools.typos."platforms.macos-x64"]
checksum = "sha256:bc585c22f2c4f5963ad782df1d4764a91476d3079477a08833ff87dfa416bb72"
url = "https://github.com/crate-ci/typos/releases/download/v1.46.1/typos-v1.46.1-x86_64-apple-darwin.tar.gz"

[tools.typos."platforms.windows-x64"]
checksum = "sha256:a7b042fc79bf7b73b00ece054ec3109858e001136c2642f28004544b571d37a2"
url = "https://github.com/crate-ci/typos/releases/download/v1.46.1/typos-v1.46.1-x86_64-pc-windows-msvc.zip"

[[tools.zizmor]]
version = "1.24.1"
backend = "aqua:zizmorcore/zizmor"

[tools.zizmor."platforms.linux-arm64"]
checksum = "sha256:d66e37ef8a375fb07939c630ebf9709a6e0f20242bdc3faf672a7ed97e0b768d"
url = "https://github.com/zizmorcore/zizmor/releases/download/v1.24.1/zizmor-aarch64-unknown-linux-gnu.tar.gz"
provenance = "github-attestations"

[tools.zizmor."platforms.linux-arm64-musl"]
provenance = "github-attestations"

[tools.zizmor."platforms.linux-x64"]
checksum = "sha256:a8000f3c683319a523d3b20df0e75457ba591f049cfcbfa98966631b56733c03"
url = "https://github.com/zizmorcore/zizmor/releases/download/v1.24.1/zizmor-x86_64-unknown-linux-gnu.tar.gz"
provenance = "github-attestations"

[tools.zizmor."platforms.linux-x64-musl"]
provenance = "github-attestations"

[tools.zizmor."platforms.macos-arm64"]
checksum = "sha256:fc4ea59e18bc028dddb5f710b16dbc361b01ff1e7a20c03b8e5778366ca9f4e1"
url = "https://github.com/zizmorcore/zizmor/releases/download/v1.24.1/zizmor-aarch64-apple-darwin.tar.gz"
provenance = "github-attestations"

[tools.zizmor."platforms.macos-x64"]
checksum = "sha256:721ba70d7fca753aeef1a4ee959a9bc20c55784d4faa6c56e66129a2611fd52f"
url = "https://github.com/zizmorcore/zizmor/releases/download/v1.24.1/zizmor-x86_64-apple-darwin.tar.gz"
provenance = "github-attestations"

[tools.zizmor."platforms.windows-x64"]
checksum = "sha256:b777ec2cb1098139ba74b32e30d11ed149c69ab692d23788c466d4a31704bd4b"
url = "https://github.com/zizmorcore/zizmor/releases/download/v1.24.1/zizmor-x86_64-pc-windows-msvc.zip"
provenance = "github-attestations"
